// !$*UTF8*$!
{
	archiveVersion = 1;
	classes = {
	};
	objectVersion = 56;
	objects = {

/* Begin PBXBuildFile section */
		297A05842A96BC10006A620A /* AppDelegate.swift in Sources */ = {isa = PBXBuildFile; fileRef = 297A05832A96BC10006A620A /* AppDelegate.swift */; };
		297A05862A96BC10006A620A /* SceneDelegate.swift in Sources */ = {isa = PBXBuildFile; fileRef = 297A05852A96BC10006A620A /* SceneDelegate.swift */; };
		297A05882A96BC10006A620A /* ViewController.swift in Sources */ = {isa = PBXBuildFile; fileRef = 297A05872A96BC10006A620A /* ViewController.swift */; };
		297A058B2A96BC10006A620A /* Main.storyboard in Resources */ = {isa = PBXBuildFile; fileRef = 297A05892A96BC10006A620A /* Main.storyboard */; };
		297A058E2A96BC10006A620A /* MoviesTestApp.xcdatamodeld in Sources */ = {isa = PBXBuildFile; fileRef = 297A058C2A96BC10006A620A /* MoviesTestApp.xcdatamodeld */; };
		297A05902A96BC13006A620A /* Assets.xcassets in Resources */ = {isa = PBXBuildFile; fileRef = 297A058F2A96BC13006A620A /* Assets.xcassets */; };
		297A05932A96BC13006A620A /* LaunchScreen.storyboard in Resources */ = {isa = PBXBuildFile; fileRef = 297A05912A96BC13006A620A /* LaunchScreen.storyboard */; };
		97088C14AD4C39F518811AB1 /* Pods_MoviesTestApp.framework in Frameworks */ = {isa = PBXBuildFile; fileRef = 5E8D5AF1AC859A9637B5A76E /* Pods_MoviesTestApp.framework */; };
/* End PBXBuildFile section */

/* Begin PBXFileReference section */
		297A05802A96BC10006A620A /* MoviesTestApp.app */ = {isa = PBXFileReference; explicitFileType = wrapper.application; includeInIndex = 0; path = MoviesTestApp.app; sourceTree = BUILT_PRODUCTS_DIR; };
		297A05832A96BC10006A620A /* AppDelegate.swift */ = {isa = PBXFileReference; lastKnownFileType = sourcecode.swift; path = AppDelegate.swift; sourceTree = "<group>"; };
		297A05852A96BC10006A620A /* SceneDelegate.swift */ = {isa = PBXFileReference; lastKnownFileType = sourcecode.swift; path = SceneDelegate.swift; sourceTree = "<group>"; };
		297A05872A96BC10006A620A /* ViewController.swift */ = {isa = PBXFileReference; lastKnownFileType = sourcecode.swift; path = ViewController.swift; sourceTree = "<group>"; };
		297A058A2A96BC10006A620A /* Base */ = {isa = PBXFileReference; lastKnownFileType = file.storyboard; name = Base; path = Base.lproj/Main.storyboard; sourceTree = "<group>"; };
		297A058D2A96BC10006A620A /* MoviesTestApp.xcdatamodel */ = {isa = PBXFileReference; lastKnownFileType = wrapper.xcdatamodel; path = MoviesTestApp.xcdatamodel; sourceTree = "<group>"; };
		297A058F2A96BC13006A620A /* Assets.xcassets */ = {isa = PBXFileReference; lastKnownFileType = folder.assetcatalog; path = Assets.xcassets; sourceTree = "<group>"; };
		297A05922A96BC13006A620A /* Base */ = {isa = PBXFileReference; lastKnownFileType = file.storyboard; name = Base; path = Base.lproj/LaunchScreen.storyboard; sourceTree = "<group>"; };
		297A05942A96BC13006A620A /* Info.plist */ = {isa = PBXFileReference; lastKnownFileType = text.plist.xml; path = Info.plist; sourceTree = "<group>"; };
		543D8B7A24B48FBE18BDBFAD /* Pods-MoviesTestApp.release.xcconfig */ = {isa = PBXFileReference; includeInIndex = 1; lastKnownFileType = text.xcconfig; name = "Pods-MoviesTestApp.release.xcconfig"; path = "Target Support Files/Pods-MoviesTestApp/Pods-MoviesTestApp.release.xcconfig"; sourceTree = "<group>"; };
		5E8D5AF1AC859A9637B5A76E /* Pods_MoviesTestApp.framework */ = {isa = PBXFileReference; explicitFileType = wrapper.framework; includeInIndex = 0; path = Pods_MoviesTestApp.framework; sourceTree = BUILT_PRODUCTS_DIR; };
		9F2DFAE1E8DAAF24F72A8DF2 /* Pods-MoviesTestApp.debug.xcconfig */ = {isa = PBXFileReference; includeInIndex = 1; lastKnownFileType = text.xcconfig; name = "Pods-MoviesTestApp.debug.xcconfig"; path = "Target Support Files/Pods-MoviesTestApp/Pods-MoviesTestApp.debug.xcconfig"; sourceTree = "<group>"; };
/* End PBXFileReference section */

/* Begin PBXFrameworksBuildPhase section */
		297A057D2A96BC10006A620A /* Frameworks */ = {
			isa = PBXFrameworksBuildPhase;
			buildActionMask = 2147483647;
			files = (
				97088C14AD4C39F518811AB1 /* Pods_MoviesTestApp.framework in Frameworks */,
			);
			runOnlyForDeploymentPostprocessing = 0;
		};
/* End PBXFrameworksBuildPhase section */

/* Begin PBXGroup section */
		286FF438CDAC7FC29446529E /* Pods */ = {
			isa = PBXGroup;
			children = (
				9F2DFAE1E8DAAF24F72A8DF2 /* Pods-MoviesTestApp.debug.xcconfig */,
				543D8B7A24B48FBE18BDBFAD /* Pods-MoviesTestApp.release.xcconfig */,
			);
			name = Pods;
			path = Pods;
			sourceTree = "<group>";
		};
		297A05772A96BC10006A620A = {
			isa = PBXGroup;
			children = (
				297A05822A96BC10006A620A /* MoviesTestApp */,
				297A05812A96BC10006A620A /* Products */,
				286FF438CDAC7FC29446529E /* Pods */,
				D497AA4EF87EFD2A6C55596A /* Frameworks */,
			);
			sourceTree = "<group>";
		};
		297A05812A96BC10006A620A /* Products */ = {
			isa = PBXGroup;
			children = (
				297A05802A96BC10006A620A /* MoviesTestApp.app */,
			);
			name = Products;
			sourceTree = "<group>";
		};
		297A05822A96BC10006A620A /* MoviesTestApp */ = {
			isa = PBXGroup;
			children = (
				297A05832A96BC10006A620A /* AppDelegate.swift */,
				297A05852A96BC10006A620A /* SceneDelegate.swift */,
				297A05872A96BC10006A620A /* ViewController.swift */,
				297A05892A96BC10006A620A /* Main.storyboard */,
				297A058F2A96BC13006A620A /* Assets.xcassets */,
				297A05912A96BC13006A620A /* LaunchScreen.storyboard */,
				297A05942A96BC13006A620A /* Info.plist */,
				297A058C2A96BC10006A620A /* MoviesTestApp.xcdatamodeld */,
			);
			path = MoviesTestApp;
			sourceTree = "<group>";
		};
		D497AA4EF87EFD2A6C55596A /* Frameworks */ = {
			isa = PBXGroup;
			children = (
				5E8D5AF1AC859A9637B5A76E /* Pods_MoviesTestApp.framework */,
			);
			name = Frameworks;
			sourceTree = "<group>";
		};
/* End PBXGroup section */

/* Begin PBXNativeTarget section */
		297A057F2A96BC10006A620A /* MoviesTestApp */ = {
			isa = PBXNativeTarget;
			buildConfigurationList = 297A05972A96BC13006A620A /* Build configuration list for PBXNativeTarget "MoviesTestApp" */;
			buildPhases = (
				AA1D76CCAE4C96BA38B3BD3A /* [CP] Check Pods Manifest.lock */,
				297A057C2A96BC10006A620A /* Sources */,
				297A057D2A96BC10006A620A /* Frameworks */,
				297A057E2A96BC10006A620A /* Resources */,
				760CFBE4C1B494169620DFA1 /* [CP] Embed Pods Frameworks */,
			);
			buildRules = (
			);
			dependencies = (
			);
			name = MoviesTestApp;
			productName = MoviesTestApp;
			productReference = 297A05802A96BC10006A620A /* MoviesTestApp.app */;
			productType = "com.apple.product-type.application";
		};
/* End PBXNativeTarget section */

/* Begin PBXProject section */
		297A05782A96BC10006A620A /* Project object */ = {
			isa = PBXProject;
			attributes = {
				BuildIndependentTargetsInParallel = 1;
				LastSwiftUpdateCheck = 1420;
				LastUpgradeCheck = 1420;
				TargetAttributes = {
					297A057F2A96BC10006A620A = {
						CreatedOnToolsVersion = 14.2;
					};
				};
			};
			buildConfigurationList = 297A057B2A96BC10006A620A /* Build configuration list for PBXProject "MoviesTestApp" */;
			compatibilityVersion = "Xcode 14.0";
			developmentRegion = en;
			hasScannedForEncodings = 0;
			knownRegions = (
				en,
				Base,
			);
			mainGroup = 297A05772A96BC10006A620A;
			productRefGroup = 297A05812A96BC10006A620A /* Products */;
			projectDirPath = "";
			projectRoot = "";
			targets = (
				297A057F2A96BC10006A620A /* MoviesTestApp */,
			);
		};
/* End PBXProject section */

/* Begin PBXResourcesBuildPhase section */
		297A057E2A96BC10006A620A /* Resources */ = {
			isa = PBXResourcesBuildPhase;
			buildActionMask = 2147483647;
			files = (
				297A05932A96BC13006A620A /* LaunchScreen.storyboard in Resources */,
				297A05902A96BC13006A620A /* Assets.xcassets in Resources */,
				297A058B2A96BC10006A620A /* Main.storyboard in Resources */,
			);
			runOnlyForDeploymentPostprocessing = 0;
		};
/* End PBXResourcesBuildPhase section */

/* Begin PBXShellScriptBuildPhase section */
		760CFBE4C1B494169620DFA1 /* [CP] Embed Pods Frameworks */ = {
			isa = PBXShellScriptBuildPhase;
			buildActionMask = 2147483647;
			files = (
			);
			inputFileListPaths = (
				"${PODS_ROOT}/Target Support Files/Pods-MoviesTestApp/Pods-MoviesTestApp-frameworks-${CONFIGURATION}-input-files.xcfilelist",
			);
			name = "[CP] Embed Pods Frameworks";
			outputFileListPaths = (
				"${PODS_ROOT}/Target Support Files/Pods-MoviesTestApp/Pods-MoviesTestApp-frameworks-${CONFIGURATION}-output-files.xcfilelist",
			);
			runOnlyForDeploymentPostprocessing = 0;
			shellPath = /bin/sh;
			shellScript = "\"${PODS_ROOT}/Target Support Files/Pods-MoviesTestApp/Pods-MoviesTestApp-frameworks.sh\"\n";
			showEnvVarsInLog = 0;
		};
		AA1D76CCAE4C96BA38B3BD3A /* [CP] Check Pods Manifest.lock */ = {
			isa = PBXShellScriptBuildPhase;
			buildActionMask = 2147483647;
			files = (
			);
			inputFileListPaths = (
			);
			inputPaths = (
				"${PODS_PODFILE_DIR_PATH}/Podfile.lock",
				"${PODS_ROOT}/Manifest.lock",
			);
			name = "[CP] Check Pods Manifest.lock";
			outputFileListPaths = (
			);
			outputPaths = (
				"$(DERIVED_FILE_DIR)/Pods-MoviesTestApp-checkManifestLockResult.txt",
			);
			runOnlyForDeploymentPostprocessing = 0;
			shellPath = /bin/sh;
			shellScript = "diff \"${PODS_PODFILE_DIR_PATH}/Podfile.lock\" \"${PODS_ROOT}/Manifest.lock\" > /dev/null\nif [ $? != 0 ] ; then\n    # print error to STDERR\n    echo \"error: The sandbox is not in sync with the Podfile.lock. Run 'pod install' or update your CocoaPods installation.\" >&2\n    exit 1\nfi\n# This output is used by Xcode 'outputs' to avoid re-running this script phase.\necho \"SUCCESS\" > \"${SCRIPT_OUTPUT_FILE_0}\"\n";
			showEnvVarsInLog = 0;
		};
/* End PBXShellScriptBuildPhase section */

/* Begin PBXSourcesBuildPhase section */
		297A057C2A96BC10006A620A /* Sources */ = {
			isa = PBXSourcesBuildPhase;
			buildActionMask = 2147483647;
			files = (
				297A05882A96BC10006A620A /* ViewController.swift in Sources */,
				297A05842A96BC10006A620A /* AppDelegate.swift in Sources */,
				297A058E2A96BC10006A620A /* MoviesTestApp.xcdatamodeld in Sources */,
				297A05862A96BC10006A620A /* SceneDelegate.swift in Sources */,
			);
			runOnlyForDeploymentPostprocessing = 0;
		};
/* End PBXSourcesBuildPhase section */

/* Begin PBXVariantGroup section */
		297A05892A96BC10006A620A /* Main.storyboard */ = {
			isa = PBXVariantGroup;
			children = (
				297A058A2A96BC10006A620A /* Base */,
			);
			name = Main.storyboard;
			sourceTree = "<group>";
		};
		297A05912A96BC13006A620A /* LaunchScreen.storyboard */ = {
			isa = PBXVariantGroup;
			children = (
				297A05922A96BC13006A620A /* Base */,
			);
			name = LaunchScreen.storyboard;
			sourceTree = "<group>";
		};
/* End PBXVariantGroup section */

/* Begin XCBuildConfiguration section */
		297A05952A96BC13006A620A /* Debug */ = {
			isa = XCBuildConfiguration;
			buildSettings = {
				ALWAYS_SEARCH_USER_PATHS = NO;
				CLANG_ANALYZER_NONNULL = YES;
				CLANG_ANALYZER_NUMBER_OBJECT_CONVERSION = YES_AGGRESSIVE;
				CLANG_CXX_LANGUAGE_STANDARD = "gnu++20";
				CLANG_ENABLE_MODULES = YES;
				CLANG_ENABLE_OBJC_ARC = YES;
				CLANG_ENABLE_OBJC_WEAK = YES;
				CLANG_WARN_BLOCK_CAPTURE_AUTORELEASING = YES;
				CLANG_WARN_BOOL_CONVERSION = YES;
				CLANG_WARN_COMMA = YES;
				CLANG_WARN_CONSTANT_CONVERSION = YES;
				CLANG_WARN_DEPRECATED_OBJC_IMPLEMENTATIONS = YES;
				CLANG_WARN_DIRECT_OBJC_ISA_USAGE = YES_ERROR;
				CLANG_WARN_DOCUMENTATION_COMMENTS = YES;
				CLANG_WARN_EMPTY_BODY = YES;
				CLANG_WARN_ENUM_CONVERSION = YES;
				CLANG_WARN_INFINITE_RECURSION = YES;
				CLANG_WARN_INT_CONVERSION = YES;
				CLANG_WARN_NON_LITERAL_NULL_CONVERSION = YES;
				CLANG_WARN_OBJC_IMPLICIT_RETAIN_SELF = YES;
				CLANG_WARN_OBJC_LITERAL_CONVERSION = YES;
				CLANG_WARN_OBJC_ROOT_CLASS = YES_ERROR;
				CLANG_WARN_QUOTED_INCLUDE_IN_FRAMEWORK_HEADER = YES;
				CLANG_WARN_RANGE_LOOP_ANALYSIS = YES;
				CLANG_WARN_STRICT_PROTOTYPES = YES;
				CLANG_WARN_SUSPICIOUS_MOVE = YES;
				CLANG_WARN_UNGUARDED_AVAILABILITY = YES_AGGRESSIVE;
				CLANG_WARN_UNREACHABLE_CODE = YES;
				CLANG_WARN__DUPLICATE_METHOD_MATCH = YES;
				COPY_PHASE_STRIP = NO;
				DEBUG_INFORMATION_FORMAT = dwarf;
				ENABLE_STRICT_OBJC_MSGSEND = YES;
				ENABLE_TESTABILITY = YES;
				GCC_C_LANGUAGE_STANDARD = gnu11;
				GCC_DYNAMIC_NO_PIC = NO;
				GCC_NO_COMMON_BLOCKS = YES;
				GCC_OPTIMIZATION_LEVEL = 0;
				GCC_PREPROCESSOR_DEFINITIONS = (
					"DEBUG=1",
					"$(inherited)",
				);
				GCC_WARN_64_TO_32_BIT_CONVERSION = YES;
				GCC_WARN_ABOUT_RETURN_TYPE = YES_ERROR;
				GCC_WARN_UNDECLARED_SELECTOR = YES;
				GCC_WARN_UNINITIALIZED_AUTOS = YES_AGGRESSIVE;
				GCC_WARN_UNUSED_FUNCTION = YES;
				GCC_WARN_UNUSED_VARIABLE = YES;
				IPHONEOS_DEPLOYMENT_TARGET = 16.2;
				MTL_ENABLE_DEBUG_INFO = INCLUDE_SOURCE;
				MTL_FAST_MATH = YES;
				ONLY_ACTIVE_ARCH = YES;
				SDKROOT = iphoneos;
				SWIFT_ACTIVE_COMPILATION_CONDITIONS = DEBUG;
				SWIFT_OPTIMIZATION_LEVEL = "-Onone";
			};
			name = Debug;
		};
		297A05962A96BC13006A620A /* Release */ = {
			isa = XCBuildConfiguration;
			buildSettings = {
				ALWAYS_SEARCH_USER_PATHS = NO;
				CLANG_ANALYZER_NONNULL = YES;
				CLANG_ANALYZER_NUMBER_OBJECT_CONVERSION = YES_AGGRESSIVE;
				CLANG_CXX_LANGUAGE_STANDARD = "gnu++20";
				CLANG_ENABLE_MODULES = YES;
				CLANG_ENABLE_OBJC_ARC = YES;
				CLANG_ENABLE_OBJC_WEAK = YES;
				CLANG_WARN_BLOCK_CAPTURE_AUTORELEASING = YES;
				CLANG_WARN_BOOL_CONVERSION = YES;
				CLANG_WARN_COMMA = YES;
				CLANG_WARN_CONSTANT_CONVERSION = YES;
				CLANG_WARN_DEPRECATED_OBJC_IMPLEMENTATIONS = YES;
				CLANG_WARN_DIRECT_OBJC_ISA_USAGE = YES_ERROR;
				CLANG_WARN_DOCUMENTATION_COMMENTS = YES;
				CLANG_WARN_EMPTY_BODY = YES;
				CLANG_WARN_ENUM_CONVERSION = YES;
				CLANG_WARN_INFINITE_RECURSION = YES;
				CLANG_WARN_INT_CONVERSION = YES;
				CLANG_WARN_NON_LITERAL_NULL_CONVERSION = YES;
				CLANG_WARN_OBJC_IMPLICIT_RETAIN_SELF = YES;
				CLANG_WARN_OBJC_LITERAL_CONVERSION = YES;
				CLANG_WARN_OBJC_ROOT_CLASS = YES_ERROR;
				CLANG_WARN_QUOTED_INCLUDE_IN_FRAMEWORK_HEADER = YES;
				CLANG_WARN_RANGE_LOOP_ANALYSIS = YES;
				CLANG_WARN_STRICT_PROTOTYPES = YES;
				CLANG_WARN_SUSPICIOUS_MOVE = YES;
				CLANG_WARN_UNGUARDED_AVAILABILITY = YES_AGGRESSIVE;
				CLANG_WARN_UNREACHABLE_CODE = YES;
				CLANG_WARN__DUPLICATE_METHOD_MATCH = YES;
				COPY_PHASE_STRIP = NO;
				DEBUG_INFORMATION_FORMAT = "dwarf-with-dsym";
				ENABLE_NS_ASSERTIONS = NO;
				ENABLE_STRICT_OBJC_MSGSEND = YES;
				GCC_C_LANGUAGE_STANDARD = gnu11;
				GCC_NO_COMMON_BLOCKS = YES;
				GCC_WARN_64_TO_32_BIT_CONVERSION = YES;
				GCC_WARN_ABOUT_RETURN_TYPE = YES_ERROR;
				GCC_WARN_UNDECLARED_SELECTOR = YES;
				GCC_WARN_UNINITIALIZED_AUTOS = YES_AGGRESSIVE;
				GCC_WARN_UNUSED_FUNCTION = YES;
				GCC_WARN_UNUSED_VARIABLE = YES;
				IPHONEOS_DEPLOYMENT_TARGET = 16.2;
				MTL_ENABLE_DEBUG_INFO = NO;
				MTL_FAST_MATH = YES;
				SDKROOT = iphoneos;
				SWIFT_COMPILATION_MODE = wholemodule;
				SWIFT_OPTIMIZATION_LEVEL = "-O";
				VALIDATE_PRODUCT = YES;
			};
			name = Release;
		};
		297A05982A96BC13006A620A /* Debug */ = {
			isa = XCBuildConfiguration;
			baseConfigurationReference = 9F2DFAE1E8DAAF24F72A8DF2 /* Pods-MoviesTestApp.debug.xcconfig */;
			buildSettings = {
				ASSETCATALOG_COMPILER_APPICON_NAME = AppIcon;
				ASSETCATALOG_COMPILER_GLOBAL_ACCENT_COLOR_NAME = AccentColor;
				CODE_SIGN_STYLE = Automatic;
				CURRENT_PROJECT_VERSION = 1;
				DEVELOPMENT_TEAM = 56RW598PZW;
				GENERATE_INFOPLIST_FILE = YES;
				INFOPLIST_FILE = MoviesTestApp/Info.plist;
				INFOPLIST_KEY_UIApplicationSupportsIndirectInputEvents = YES;
				INFOPLIST_KEY_UILaunchStoryboardName = LaunchScreen;
				INFOPLIST_KEY_UIMainStoryboardFile = Main;
				INFOPLIST_KEY_UISupportedInterfaceOrientations_iPad = "UIInterfaceOrientationPortrait UIInterfaceOrientationPortraitUpsideDown UIInterfaceOrientationLandscapeLeft UIInterfaceOrientationLandscapeRight";
				INFOPLIST_KEY_UISupportedInterfaceOrientations_iPhone = "UIInterfaceOrientationPortrait UIInterfaceOrientationLandscapeLeft UIInterfaceOrientationLandscapeRight";
				LD_RUNPATH_SEARCH_PATHS = (
					"$(inherited)",
					"@executable_path/Frameworks",
				);
				MARKETING_VERSION = 1.0;
				PRODUCT_BUNDLE_IDENTIFIER = com.bilalarshad.MoviesTestApp;
				PRODUCT_NAME = "$(TARGET_NAME)";
				SWIFT_EMIT_LOC_STRINGS = YES;
				SWIFT_VERSION = 5.0;
				TARGETED_DEVICE_FAMILY = "1,2";
			};
			name = Debug;
		};
		297A05992A96BC13006A620A /* Release */ = {
			isa = XCBuildConfiguration;
			baseConfigurationReference = 543D8B7A24B48FBE18BDBFAD /* Pods-MoviesTestApp.release.xcconfig */;
			buildSettings = {
				ASSETCATALOG_COMPILER_APPICON_NAME = AppIcon;
				ASSETCATALOG_COMPILER_GLOBAL_ACCENT_COLOR_NAME = AccentColor;
				CODE_SIGN_STYLE = Automatic;
				CURRENT_PROJECT_VERSION = 1;
				DEVELOPMENT_TEAM = 56RW598PZW;
				GENERATE_INFOPLIST_FILE = YES;
				INFOPLIST_FILE = MoviesTestApp/Info.plist;
				INFOPLIST_KEY_UIApplicationSupportsIndirectInputEvents = YES;
				INFOPLIST_KEY_UILaunchStoryboardName = LaunchScreen;
				INFOPLIST_KEY_UIMainStoryboardFile = Main;
				INFOPLIST_KEY_UISupportedInterfaceOrientations_iPad = "UIInterfaceOrientationPortrait UIInterfaceOrientationPortraitUpsideDown UIInterfaceOrientationLandscapeLeft UIInterfaceOrientationLandscapeRight";
				INFOPLIST_KEY_UISupportedInterfaceOrientations_iPhone = "UIInterfaceOrientationPortrait UIInterfaceOrientationLandscapeLeft UIInterfaceOrientationLandscapeRight";
				LD_RUNPATH_SEARCH_PATHS = (
					"$(inherited)",
					"@executable_path/Frameworks",
				);
				MARKETING_VERSION = 1.0;
				PRODUCT_BUNDLE_IDENTIFIER = com.bilalarshad.MoviesTestApp;
				PRODUCT_NAME = "$(TARGET_NAME)";
				SWIFT_EMIT_LOC_STRINGS = YES;
				SWIFT_VERSION = 5.0;
				TARGETED_DEVICE_FAMILY = "1,2";
			};
			name = Release;
		};
/* End XCBuildConfiguration section */

/* Begin XCConfigurationList section */
		297A057B2A96BC10006A620A /* Build configuration list for PBXProject "MoviesTestApp" */ = {
			isa = XCConfigurationList;
			buildConfigurations = (
				297A05952A96BC13006A620A /* Debug */,
				297A05962A96BC13006A620A /* Release */,
			);
			defaultConfigurationIsVisible = 0;
			defaultConfigurationName = Release;
		};
		297A05972A96BC13006A620A /* Build configuration list for PBXNativeTarget "MoviesTestApp" */ = {
			isa = XCConfigurationList;
			buildConfigurations = (
				297A05982A96BC13006A620A /* Debug */,
				297A05992A96BC13006A620A /* Release */,
			);
			defaultConfigurationIsVisible = 0;
			defaultConfigurationName = Release;
		};
/* End XCConfigurationList section */

/* Begin XCVersionGroup section */
		297A058C2A96BC10006A620A /* MoviesTestApp.xcdatamodeld */ = {
			isa = XCVersionGroup;
			children = (
				297A058D2A96BC10006A620A /* MoviesTestApp.xcdatamodel */,
			);
			currentVersion = 297A058D2A96BC10006A620A /* MoviesTestApp.xcdatamodel */;
			path = MoviesTestApp.xcdatamodeld;
			sourceTree = "<group>";
			versionGroupType = wrapper.xcdatamodel;
		};
/* End XCVersionGroup section */
	};
	rootObject = 297A05782A96BC10006A620A /* Project object */;
}
